
Microsoft Visual Studio Solution File, Format Version 12.00
Project("{FAE04EC0-301F-11D3-BF4B-00C04F79EFBC}") = "PicEditor", "PicEditor.csproj", "{90172558-A9FC-4D2B-B5A8-FD096EE69610}"
EndProject
Global
	GlobalSection(SolutionConfigurationPlatforms) = preSolution
		Debug|Any CPU = Debug|Any CPU
		Release|Any CPU = Release|Any CPU
	EndGlobalSection
	GlobalSection(ProjectConfigurationPlatforms) = postSolution
		{90172558-A9FC-4D2B-B5A8-FD096EE69610}.Debug|Any CPU.ActiveCfg = Debug|Any CPU
		{90172558-A9FC-4D2B-B5A8-FD096EE69610}.Debug|Any CPU.Build.0 = Debug|Any CPU
		{90172558-A9FC-4D2B-B5A8-FD096EE69610}.Release|Any CPU.ActiveCfg = Release|Any CPU
		{90172558-A9FC-4D2B-B5A8-FD096EE69610}.Release|Any CPU.Build.0 = Release|Any CPU
	EndGlobalSection
EndGlobal
